
Microsoft Visual Studio Solution File, Format Version 12.00
# Visual Studio 15
VisualStudioVersion = 15.0.28307.329
MinimumVisualStudioVersion = 10.0.40219.1
Project("{FAE04EC0-301F-11D3-BF4B-00C04F79EFBC}") = "Encriptador", "Encriptador\Encriptador.csproj", "{AADE576F-0BD0-4332-9643-3334A15BA1EF}"
EndProject
Global
	GlobalSection(SolutionConfigurationPlatforms) = preSolution
		Debug|Any CPU = Debug|Any CPU
		Release|Any CPU = Release|Any CPU
	EndGlobalSection
	GlobalSection(ProjectConfigurationPlatforms) = postSolution
		{AADE576F-0BD0-4332-9643-3334A15BA1EF}.Debug|Any CPU.ActiveCfg = Debug|Any CPU
		{AADE576F-0BD0-4332-9643-3334A15BA1EF}.Debug|Any CPU.Build.0 = Debug|Any CPU
		{AADE576F-0BD0-4332-9643-3334A15BA1EF}.Release|Any CPU.ActiveCfg = Release|Any CPU
		{AADE576F-0BD0-4332-9643-3334A15BA1EF}.Release|Any CPU.Build.0 = Release|Any CPU
	EndGlobalSection
	GlobalSection(SolutionProperties) = preSolution
		HideSolutionNode = FALSE
	EndGlobalSection
	GlobalSection(ExtensibilityGlobals) = postSolution
		SolutionGuid = {33F2AFC6-BCB9-4194-B712-161C7C4AC214}
	EndGlobalSection
EndGlobal
